
Microsoft Visual Studio Solution File, Format Version 12.00
# Visual Studio 15
VisualStudioVersion = 15.0.28307.645
MinimumVisualStudioVersion = 10.0.40219.1
Project("{FAE04EC0-301F-11D3-BF4B-00C04F79EFBC}") = "Anticafe 4.0 Model", "Anticafe 4.0 Model\Anticafe 4.0 Model.csproj", "{80A41287-631C-41E8-8BC5-10A7853AD538}"
EndProject
Project("{FAE04EC0-301F-11D3-BF4B-00C04F79EFBC}") = "Desktop Anticafe 4.0", "Desktop\Desktop Anticafe 4.0.csproj", "{CC60C6C2-B505-4ACE-9FC0-67A40C807781}"
EndProject
Project("{FAE04EC0-301F-11D3-BF4B-00C04F79EFBC}") = "Anticafe 4.0 ModelView", "Anticafe 4.0 ModelView\Anticafe 4.0 ModelView.csproj", "{73221B40-9CFE-4A1E-ACF7-7798F0680A5E}"
EndProject
Project("{FAE04EC0-301F-11D3-BF4B-00C04F79EFBC}") = "DBServise", "DBServise\DBServise.csproj", "{4F173EA1-9B45-4723-B9EC-E143E77ED93B}"
EndProject
Project("{FAE04EC0-301F-11D3-BF4B-00C04F79EFBC}") = "Web Anticafe 4.0", "Web Anticafe 4.0\Web Anticafe 4.0.csproj", "{A11F13B8-9697-4E73-B2DD-84C030F8FC3F}"
EndProject
Global
	GlobalSection(SolutionConfigurationPlatforms) = preSolution
		CD_ROM|Any CPU = CD_ROM|Any CPU
		CD_ROM|ARM = CD_ROM|ARM
		CD_ROM|Mixed Platforms = CD_ROM|Mixed Platforms
		CD_ROM|Win32 = CD_ROM|Win32
		CD_ROM|x64 = CD_ROM|x64
		CD_ROM|x86 = CD_ROM|x86
		Debug|Any CPU = Debug|Any CPU
		Debug|ARM = Debug|ARM
		Debug|Mixed Platforms = Debug|Mixed Platforms
		Debug|Win32 = Debug|Win32
		Debug|x64 = Debug|x64
		Debug|x86 = Debug|x86
		DVD-5|Any CPU = DVD-5|Any CPU
		DVD-5|ARM = DVD-5|ARM
		DVD-5|Mixed Platforms = DVD-5|Mixed Platforms
		DVD-5|Win32 = DVD-5|Win32
		DVD-5|x64 = DVD-5|x64
		DVD-5|x86 = DVD-5|x86
		Release|Any CPU = Release|Any CPU
		Release|ARM = Release|ARM
		Release|Mixed Platforms = Release|Mixed Platforms
		Release|Win32 = Release|Win32
		Release|x64 = Release|x64
		Release|x86 = Release|x86
		SingleImage|Any CPU = SingleImage|Any CPU
		SingleImage|ARM = SingleImage|ARM
		SingleImage|Mixed Platforms = SingleImage|Mixed Platforms
		SingleImage|Win32 = SingleImage|Win32
		SingleImage|x64 = SingleImage|x64
		SingleImage|x86 = SingleImage|x86
	EndGlobalSection
	GlobalSection(ProjectConfigurationPlatforms) = postSolution
		{80A41287-631C-41E8-8BC5-10A7853AD538}.CD_ROM|Any CPU.ActiveCfg = Release|Any CPU
		{80A41287-631C-41E8-8BC5-10A7853AD538}.CD_ROM|Any CPU.Build.0 = Release|Any CPU
		{80A41287-631C-41E8-8BC5-10A7853AD538}.CD_ROM|ARM.ActiveCfg = Release|Any CPU
		{80A41287-631C-41E8-8BC5-10A7853AD538}.CD_ROM|ARM.Build.0 = Release|Any CPU
		{80A41287-631C-41E8-8BC5-10A7853AD538}.CD_ROM|Mixed Platforms.ActiveCfg = Release|Any CPU
		{80A41287-631C-41E8-8BC5-10A7853AD538}.CD_ROM|Mixed Platforms.Build.0 = Release|Any CPU
		{80A41287-631C-41E8-8BC5-10A7853AD538}.CD_ROM|Win32.ActiveCfg = Release|Any CPU
		{80A41287-631C-41E8-8BC5-10A7853AD538}.CD_ROM|Win32.Build.0 = Release|Any CPU
		{80A41287-631C-41E8-8BC5-10A7853AD538}.CD_ROM|x64.ActiveCfg = Release|Any CPU
		{80A41287-631C-41E8-8BC5-10A7853AD538}.CD_ROM|x64.Build.0 = Release|Any CPU
		{80A41287-631C-41E8-8BC5-10A7853AD538}.CD_ROM|x86.ActiveCfg = Release|Any CPU
		{80A41287-631C-41E8-8BC5-10A7853AD538}.CD_ROM|x86.Build.0 = Release|Any CPU
		{80A41287-631C-41E8-8BC5-10A7853AD538}.Debug|Any CPU.ActiveCfg = Debug|Any CPU
		{80A41287-631C-41E8-8BC5-10A7853AD538}.Debug|Any CPU.Build.0 = Debug|Any CPU
		{80A41287-631C-41E8-8BC5-10A7853AD538}.Debug|ARM.ActiveCfg = Debug|Any CPU
		{80A41287-631C-41E8-8BC5-10A7853AD538}.Debug|ARM.Build.0 = Debug|Any CPU
		{80A41287-631C-41E8-8BC5-10A7853AD538}.Debug|Mixed Platforms.ActiveCfg = Debug|Any CPU
		{80A41287-631C-41E8-8BC5-10A7853AD538}.Debug|Mixed Platforms.Build.0 = Debug|Any CPU
		{80A41287-631C-41E8-8BC5-10A7853AD538}.Debug|Win32.ActiveCfg = Debug|Any CPU
		{80A41287-631C-41E8-8BC5-10A7853AD538}.Debug|Win32.Build.0 = Debug|Any CPU
		{80A41287-631C-41E8-8BC5-10A7853AD538}.Debug|x64.ActiveCfg = Debug|Any CPU
		{80A41287-631C-41E8-8BC5-10A7853AD538}.Debug|x64.Build.0 = Debug|Any CPU
		{80A41287-631C-41E8-8BC5-10A7853AD538}.Debug|x86.ActiveCfg = Debug|Any CPU
		{80A41287-631C-41E8-8BC5-10A7853AD538}.Debug|x86.Build.0 = Debug|Any CPU
		{80A41287-631C-41E8-8BC5-10A7853AD538}.DVD-5|Any CPU.ActiveCfg = Debug|Any CPU
		{80A41287-631C-41E8-8BC5-10A7853AD538}.DVD-5|Any CPU.Build.0 = Debug|Any CPU
		{80A41287-631C-41E8-8BC5-10A7853AD538}.DVD-5|ARM.ActiveCfg = Debug|Any CPU
		{80A41287-631C-41E8-8BC5-10A7853AD538}.DVD-5|ARM.Build.0 = Debug|Any CPU
		{80A41287-631C-41E8-8BC5-10A7853AD538}.DVD-5|Mixed Platforms.ActiveCfg = Debug|Any CPU
		{80A41287-631C-41E8-8BC5-10A7853AD538}.DVD-5|Mixed Platforms.Build.0 = Debug|Any CPU
		{80A41287-631C-41E8-8BC5-10A7853AD538}.DVD-5|Win32.ActiveCfg = Debug|Any CPU
		{80A41287-631C-41E8-8BC5-10A7853AD538}.DVD-5|Win32.Build.0 = Debug|Any CPU
		{80A41287-631C-41E8-8BC5-10A7853AD538}.DVD-5|x64.ActiveCfg = Debug|Any CPU
		{80A41287-631C-41E8-8BC5-10A7853AD538}.DVD-5|x64.Build.0 = Debug|Any CPU
		{80A41287-631C-41E8-8BC5-10A7853AD538}.DVD-5|x86.ActiveCfg = Debug|Any CPU
		{80A41287-631C-41E8-8BC5-10A7853AD538}.DVD-5|x86.Build.0 = Debug|Any CPU
		{80A41287-631C-41E8-8BC5-10A7853AD538}.Release|Any CPU.ActiveCfg = Release|Any CPU
		{80A41287-631C-41E8-8BC5-10A7853AD538}.Release|Any CPU.Build.0 = Release|Any CPU
		{80A41287-631C-41E8-8BC5-10A7853AD538}.Release|ARM.ActiveCfg = Release|Any CPU
		{80A41287-631C-41E8-8BC5-10A7853AD538}.Release|ARM.Build.0 = Release|Any CPU
		{80A41287-631C-41E8-8BC5-10A7853AD538}.Release|Mixed Platforms.ActiveCfg = Release|Any CPU
		{80A41287-631C-41E8-8BC5-10A7853AD538}.Release|Mixed Platforms.Build.0 = Release|Any CPU
		{80A41287-631C-41E8-8BC5-10A7853AD538}.Release|Win32.ActiveCfg = Release|Any CPU
		{80A41287-631C-41E8-8BC5-10A7853AD538}.Release|Win32.Build.0 = Release|Any CPU
		{80A41287-631C-41E8-8BC5-10A7853AD538}.Release|x64.ActiveCfg = Release|Any CPU
		{80A41287-631C-41E8-8BC5-10A7853AD538}.Release|x64.Build.0 = Release|Any CPU
		{80A41287-631C-41E8-8BC5-10A7853AD538}.Release|x86.ActiveCfg = Release|Any CPU
		{80A41287-631C-41E8-8BC5-10A7853AD538}.Release|x86.Build.0 = Release|Any CPU
		{80A41287-631C-41E8-8BC5-10A7853AD538}.SingleImage|Any CPU.ActiveCfg = Release|Any CPU
		{80A41287-631C-41E8-8BC5-10A7853AD538}.SingleImage|Any CPU.Build.0 = Release|Any CPU
		{80A41287-631C-41E8-8BC5-10A7853AD538}.SingleImage|ARM.ActiveCfg = Release|Any CPU
		{80A41287-631C-41E8-8BC5-10A7853AD538}.SingleImage|ARM.Build.0 = Release|Any CPU
		{80A41287-631C-41E8-8BC5-10A7853AD538}.SingleImage|Mixed Platforms.ActiveCfg = Release|Any CPU
		{80A41287-631C-41E8-8BC5-10A7853AD538}.SingleImage|Mixed Platforms.Build.0 = Release|Any CPU
		{80A41287-631C-41E8-8BC5-10A7853AD538}.SingleImage|Win32.ActiveCfg = Release|Any CPU
		{80A41287-631C-41E8-8BC5-10A7853AD538}.SingleImage|Win32.Build.0 = Release|Any CPU
		{80A41287-631C-41E8-8BC5-10A7853AD538}.SingleImage|x64.ActiveCfg = Release|Any CPU
		{80A41287-631C-41E8-8BC5-10A7853AD538}.SingleImage|x64.Build.0 = Release|Any CPU
		{80A41287-631C-41E8-8BC5-10A7853AD538}.SingleImage|x86.ActiveCfg = Release|Any CPU
		{80A41287-631C-41E8-8BC5-10A7853AD538}.SingleImage|x86.Build.0 = Release|Any CPU
		{CC60C6C2-B505-4ACE-9FC0-67A40C807781}.CD_ROM|Any CPU.ActiveCfg = Release|Any CPU
		{CC60C6C2-B505-4ACE-9FC0-67A40C807781}.CD_ROM|Any CPU.Build.0 = Release|Any CPU
		{CC60C6C2-B505-4ACE-9FC0-67A40C807781}.CD_ROM|ARM.ActiveCfg = Release|Any CPU
		{CC60C6C2-B505-4ACE-9FC0-67A40C807781}.CD_ROM|ARM.Build.0 = Release|Any CPU
		{CC60C6C2-B505-4ACE-9FC0-67A40C807781}.CD_ROM|Mixed Platforms.ActiveCfg = Release|Any CPU
		{CC60C6C2-B505-4ACE-9FC0-67A40C807781}.CD_ROM|Mixed Platforms.Build.0 = Release|Any CPU
		{CC60C6C2-B505-4ACE-9FC0-67A40C807781}.CD_ROM|Win32.ActiveCfg = Release|Any CPU
		{CC60C6C2-B505-4ACE-9FC0-67A40C807781}.CD_ROM|Win32.Build.0 = Release|Any CPU
		{CC60C6C2-B505-4ACE-9FC0-67A40C807781}.CD_ROM|x64.ActiveCfg = Release|Any CPU
		{CC60C6C2-B505-4ACE-9FC0-67A40C807781}.CD_ROM|x64.Build.0 = Release|Any CPU
		{CC60C6C2-B505-4ACE-9FC0-67A40C807781}.CD_ROM|x86.ActiveCfg = Release|Any CPU
		{CC60C6C2-B505-4ACE-9FC0-67A40C807781}.CD_ROM|x86.Build.0 = Release|Any CPU
		{CC60C6C2-B505-4ACE-9FC0-67A40C807781}.Debug|Any CPU.ActiveCfg = Debug|Any CPU
		{CC60C6C2-B505-4ACE-9FC0-67A40C807781}.Debug|Any CPU.Build.0 = Debug|Any CPU
		{CC60C6C2-B505-4ACE-9FC0-67A40C807781}.Debug|ARM.ActiveCfg = Debug|Any CPU
		{CC60C6C2-B505-4ACE-9FC0-67A40C807781}.Debug|ARM.Build.0 = Debug|Any CPU
		{CC60C6C2-B505-4ACE-9FC0-67A40C807781}.Debug|Mixed Platforms.ActiveCfg = Debug|Any CPU
		{CC60C6C2-B505-4ACE-9FC0-67A40C807781}.Debug|Mixed Platforms.Build.0 = Debug|Any CPU
		{CC60C6C2-B505-4ACE-9FC0-67A40C807781}.Debug|Win32.ActiveCfg = Debug|Any CPU
		{CC60C6C2-B505-4ACE-9FC0-67A40C807781}.Debug|Win32.Build.0 = Debug|Any CPU
		{CC60C6C2-B505-4ACE-9FC0-67A40C807781}.Debug|x64.ActiveCfg = Debug|Any CPU
		{CC60C6C2-B505-4ACE-9FC0-67A40C807781}.Debug|x64.Build.0 = Debug|Any CPU
		{CC60C6C2-B505-4ACE-9FC0-67A40C807781}.Debug|x86.ActiveCfg = Debug|Any CPU
		{CC60C6C2-B505-4ACE-9FC0-67A40C807781}.Debug|x86.Build.0 = Debug|Any CPU
		{CC60C6C2-B505-4ACE-9FC0-67A40C807781}.DVD-5|Any CPU.ActiveCfg = Debug|Any CPU
		{CC60C6C2-B505-4ACE-9FC0-67A40C807781}.DVD-5|Any CPU.Build.0 = Debug|Any CPU
		{CC60C6C2-B505-4ACE-9FC0-67A40C807781}.DVD-5|ARM.ActiveCfg = Debug|Any CPU
		{CC60C6C2-B505-4ACE-9FC0-67A40C807781}.DVD-5|ARM.Build.0 = Debug|Any CPU
		{CC60C6C2-B505-4ACE-9FC0-67A40C807781}.DVD-5|Mixed Platforms.ActiveCfg = Debug|Any CPU
		{CC60C6C2-B505-4ACE-9FC0-67A40C807781}.DVD-5|Mixed Platforms.Build.0 = Debug|Any CPU
		{CC60C6C2-B505-4ACE-9FC0-67A40C807781}.DVD-5|Win32.ActiveCfg = Debug|Any CPU
		{CC60C6C2-B505-4ACE-9FC0-67A40C807781}.DVD-5|Win32.Build.0 = Debug|Any CPU
		{CC60C6C2-B505-4ACE-9FC0-67A40C807781}.DVD-5|x64.ActiveCfg = Debug|Any CPU
		{CC60C6C2-B505-4ACE-9FC0-67A40C807781}.DVD-5|x64.Build.0 = Debug|Any CPU
		{CC60C6C2-B505-4ACE-9FC0-67A40C807781}.DVD-5|x86.ActiveCfg = Debug|Any CPU
		{CC60C6C2-B505-4ACE-9FC0-67A40C807781}.DVD-5|x86.Build.0 = Debug|Any CPU
		{CC60C6C2-B505-4ACE-9FC0-67A40C807781}.Release|Any CPU.ActiveCfg = Release|Any CPU
		{CC60C6C2-B505-4ACE-9FC0-67A40C807781}.Release|Any CPU.Build.0 = Release|Any CPU
		{CC60C6C2-B505-4ACE-9FC0-67A40C807781}.Release|ARM.ActiveCfg = Release|Any CPU
		{CC60C6C2-B505-4ACE-9FC0-67A40C807781}.Release|ARM.Build.0 = Release|Any CPU
		{CC60C6C2-B505-4ACE-9FC0-67A40C807781}.Release|Mixed Platforms.ActiveCfg = Release|Any CPU
		{CC60C6C2-B505-4ACE-9FC0-67A40C807781}.Release|Mixed Platforms.Build.0 = Release|Any CPU
		{CC60C6C2-B505-4ACE-9FC0-67A40C807781}.Release|Win32.ActiveCfg = Release|Any CPU
		{CC60C6C2-B505-4ACE-9FC0-67A40C807781}.Release|Win32.Build.0 = Release|Any CPU
		{CC60C6C2-B505-4ACE-9FC0-67A40C807781}.Release|x64.ActiveCfg = Release|Any CPU
		{CC60C6C2-B505-4ACE-9FC0-67A40C807781}.Release|x64.Build.0 = Release|Any CPU
		{CC60C6C2-B505-4ACE-9FC0-67A40C807781}.Release|x86.ActiveCfg = Release|Any CPU
		{CC60C6C2-B505-4ACE-9FC0-67A40C807781}.Release|x86.Build.0 = Release|Any CPU
		{CC60C6C2-B505-4ACE-9FC0-67A40C807781}.SingleImage|Any CPU.ActiveCfg = Release|Any CPU
		{CC60C6C2-B505-4ACE-9FC0-67A40C807781}.SingleImage|Any CPU.Build.0 = Release|Any CPU
		{CC60C6C2-B505-4ACE-9FC0-67A40C807781}.SingleImage|ARM.ActiveCfg = Release|Any CPU
		{CC60C6C2-B505-4ACE-9FC0-67A40C807781}.SingleImage|ARM.Build.0 = Release|Any CPU
		{CC60C6C2-B505-4ACE-9FC0-67A40C807781}.SingleImage|Mixed Platforms.ActiveCfg = Release|Any CPU
		{CC60C6C2-B505-4ACE-9FC0-67A40C807781}.SingleImage|Mixed Platforms.Build.0 = Release|Any CPU
		{CC60C6C2-B505-4ACE-9FC0-67A40C807781}.SingleImage|Win32.ActiveCfg = Release|Any CPU
		{CC60C6C2-B505-4ACE-9FC0-67A40C807781}.SingleImage|Win32.Build.0 = Release|Any CPU
		{CC60C6C2-B505-4ACE-9FC0-67A40C807781}.SingleImage|x64.ActiveCfg = Release|Any CPU
		{CC60C6C2-B505-4ACE-9FC0-67A40C807781}.SingleImage|x64.Build.0 = Release|Any CPU
		{CC60C6C2-B505-4ACE-9FC0-67A40C807781}.SingleImage|x86.ActiveCfg = Release|Any CPU
		{CC60C6C2-B505-4ACE-9FC0-67A40C807781}.SingleImage|x86.Build.0 = Release|Any CPU
		{73221B40-9CFE-4A1E-ACF7-7798F0680A5E}.CD_ROM|Any CPU.ActiveCfg = Release|Any CPU
		{73221B40-9CFE-4A1E-ACF7-7798F0680A5E}.CD_ROM|Any CPU.Build.0 = Release|Any CPU
		{73221B40-9CFE-4A1E-ACF7-7798F0680A5E}.CD_ROM|ARM.ActiveCfg = Release|Any CPU
		{73221B40-9CFE-4A1E-ACF7-7798F0680A5E}.CD_ROM|ARM.Build.0 = Release|Any CPU
		{73221B40-9CFE-4A1E-ACF7-7798F0680A5E}.CD_ROM|Mixed Platforms.ActiveCfg = Release|Any CPU
		{73221B40-9CFE-4A1E-ACF7-7798F0680A5E}.CD_ROM|Mixed Platforms.Build.0 = Release|Any CPU
		{73221B40-9CFE-4A1E-ACF7-7798F0680A5E}.CD_ROM|Win32.ActiveCfg = Release|Any CPU
		{73221B40-9CFE-4A1E-ACF7-7798F0680A5E}.CD_ROM|Win32.Build.0 = Release|Any CPU
		{73221B40-9CFE-4A1E-ACF7-7798F0680A5E}.CD_ROM|x64.ActiveCfg = Release|Any CPU
		{73221B40-9CFE-4A1E-ACF7-7798F0680A5E}.CD_ROM|x64.Build.0 = Release|Any CPU
		{73221B40-9CFE-4A1E-ACF7-7798F0680A5E}.CD_ROM|x86.ActiveCfg = Release|Any CPU
		{73221B40-9CFE-4A1E-ACF7-7798F0680A5E}.CD_ROM|x86.Build.0 = Release|Any CPU
		{73221B40-9CFE-4A1E-ACF7-7798F0680A5E}.Debug|Any CPU.ActiveCfg = Debug|Any CPU
		{73221B40-9CFE-4A1E-ACF7-7798F0680A5E}.Debug|Any CPU.Build.0 = Debug|Any CPU
		{73221B40-9CFE-4A1E-ACF7-7798F0680A5E}.Debug|ARM.ActiveCfg = Debug|Any CPU
		{73221B40-9CFE-4A1E-ACF7-7798F0680A5E}.Debug|ARM.Build.0 = Debug|Any CPU
		{73221B40-9CFE-4A1E-ACF7-7798F0680A5E}.Debug|Mixed Platforms.ActiveCfg = Debug|Any CPU
		{73221B40-9CFE-4A1E-ACF7-7798F0680A5E}.Debug|Mixed Platforms.Build.0 = Debug|Any CPU
		{73221B40-9CFE-4A1E-ACF7-7798F0680A5E}.Debug|Win32.ActiveCfg = Debug|Any CPU
		{73221B40-9CFE-4A1E-ACF7-7798F0680A5E}.Debug|Win32.Build.0 = Debug|Any CPU
		{73221B40-9CFE-4A1E-ACF7-7798F0680A5E}.Debug|x64.ActiveCfg = Debug|Any CPU
		{73221B40-9CFE-4A1E-ACF7-7798F0680A5E}.Debug|x64.Build.0 = Debug|Any CPU
		{73221B40-9CFE-4A1E-ACF7-7798F0680A5E}.Debug|x86.ActiveCfg = Debug|Any CPU
		{73221B40-9CFE-4A1E-ACF7-7798F0680A5E}.Debug|x86.Build.0 = Debug|Any CPU
		{73221B40-9CFE-4A1E-ACF7-7798F0680A5E}.DVD-5|Any CPU.ActiveCfg = Debug|Any CPU
		{73221B40-9CFE-4A1E-ACF7-7798F0680A5E}.DVD-5|Any CPU.Build.0 = Debug|Any CPU
		{73221B40-9CFE-4A1E-ACF7-7798F0680A5E}.DVD-5|ARM.ActiveCfg = Debug|Any CPU
		{73221B40-9CFE-4A1E-ACF7-7798F0680A5E}.DVD-5|ARM.Build.0 = Debug|Any CPU
		{73221B40-9CFE-4A1E-ACF7-7798F0680A5E}.DVD-5|Mixed Platforms.ActiveCfg = Debug|Any CPU
		{73221B40-9CFE-4A1E-ACF7-7798F0680A5E}.DVD-5|Mixed Platforms.Build.0 = Debug|Any CPU
		{73221B40-9CFE-4A1E-ACF7-7798F0680A5E}.DVD-5|Win32.ActiveCfg = Debug|Any CPU
		{73221B40-9CFE-4A1E-ACF7-7798F0680A5E}.DVD-5|Win32.Build.0 = Debug|Any CPU
		{73221B40-9CFE-4A1E-ACF7-7798F0680A5E}.DVD-5|x64.ActiveCfg = Debug|Any CPU
		{73221B40-9CFE-4A1E-ACF7-7798F0680A5E}.DVD-5|x64.Build.0 = Debug|Any CPU
		{73221B40-9CFE-4A1E-ACF7-7798F0680A5E}.DVD-5|x86.ActiveCfg = Debug|Any CPU
		{73221B40-9CFE-4A1E-ACF7-7798F0680A5E}.DVD-5|x86.Build.0 = Debug|Any CPU
		{73221B40-9CFE-4A1E-ACF7-7798F0680A5E}.Release|Any CPU.ActiveCfg = Release|Any CPU
		{73221B40-9CFE-4A1E-ACF7-7798F0680A5E}.Release|Any CPU.Build.0 = Release|Any CPU
		{73221B40-9CFE-4A1E-ACF7-7798F0680A5E}.Release|ARM.ActiveCfg = Release|Any CPU
		{73221B40-9CFE-4A1E-ACF7-7798F0680A5E}.Release|ARM.Build.0 = Release|Any CPU
		{73221B40-9CFE-4A1E-ACF7-7798F0680A5E}.Release|Mixed Platforms.ActiveCfg = Release|Any CPU
		{73221B40-9CFE-4A1E-ACF7-7798F0680A5E}.Release|Mixed Platforms.Build.0 = Release|Any CPU
		{73221B40-9CFE-4A1E-ACF7-7798F0680A5E}.Release|Win32.ActiveCfg = Release|Any CPU
		{73221B40-9CFE-4A1E-ACF7-7798F0680A5E}.Release|Win32.Build.0 = Release|Any CPU
		{73221B40-9CFE-4A1E-ACF7-7798F0680A5E}.Release|x64.ActiveCfg = Release|Any CPU
		{73221B40-9CFE-4A1E-ACF7-7798F0680A5E}.Release|x64.Build.0 = Release|Any CPU
		{73221B40-9CFE-4A1E-ACF7-7798F0680A5E}.Release|x86.ActiveCfg = Release|Any CPU
		{73221B40-9CFE-4A1E-ACF7-7798F0680A5E}.Release|x86.Build.0 = Release|Any CPU
		{73221B40-9CFE-4A1E-ACF7-7798F0680A5E}.SingleImage|Any CPU.ActiveCfg = Release|Any CPU
		{73221B40-9CFE-4A1E-ACF7-7798F0680A5E}.SingleImage|Any CPU.Build.0 = Release|Any CPU
		{73221B40-9CFE-4A1E-ACF7-7798F0680A5E}.SingleImage|ARM.ActiveCfg = Release|Any CPU
		{73221B40-9CFE-4A1E-ACF7-7798F0680A5E}.SingleImage|ARM.Build.0 = Release|Any CPU
		{73221B40-9CFE-4A1E-ACF7-7798F0680A5E}.SingleImage|Mixed Platforms.ActiveCfg = Release|Any CPU
		{73221B40-9CFE-4A1E-ACF7-7798F0680A5E}.SingleImage|Mixed Platforms.Build.0 = Release|Any CPU
		{73221B40-9CFE-4A1E-ACF7-7798F0680A5E}.SingleImage|Win32.ActiveCfg = Release|Any CPU
		{73221B40-9CFE-4A1E-ACF7-7798F0680A5E}.SingleImage|Win32.Build.0 = Release|Any CPU
		{73221B40-9CFE-4A1E-ACF7-7798F0680A5E}.SingleImage|x64.ActiveCfg = Release|Any CPU
		{73221B40-9CFE-4A1E-ACF7-7798F0680A5E}.SingleImage|x64.Build.0 = Release|Any CPU
		{73221B40-9CFE-4A1E-ACF7-7798F0680A5E}.SingleImage|x86.ActiveCfg = Release|Any CPU
		{73221B40-9CFE-4A1E-ACF7-7798F0680A5E}.SingleImage|x86.Build.0 = Release|Any CPU
		{4F173EA1-9B45-4723-B9EC-E143E77ED93B}.CD_ROM|Any CPU.ActiveCfg = Release|Any CPU
		{4F173EA1-9B45-4723-B9EC-E143E77ED93B}.CD_ROM|Any CPU.Build.0 = Release|Any CPU
		{4F173EA1-9B45-4723-B9EC-E143E77ED93B}.CD_ROM|ARM.ActiveCfg = Release|Any CPU
		{4F173EA1-9B45-4723-B9EC-E143E77ED93B}.CD_ROM|ARM.Build.0 = Release|Any CPU
		{4F173EA1-9B45-4723-B9EC-E143E77ED93B}.CD_ROM|Mixed Platforms.ActiveCfg = Release|Any CPU
		{4F173EA1-9B45-4723-B9EC-E143E77ED93B}.CD_ROM|Mixed Platforms.Build.0 = Release|Any CPU
		{4F173EA1-9B45-4723-B9EC-E143E77ED93B}.CD_ROM|Win32.ActiveCfg = Release|Any CPU
		{4F173EA1-9B45-4723-B9EC-E143E77ED93B}.CD_ROM|Win32.Build.0 = Release|Any CPU
		{4F173EA1-9B45-4723-B9EC-E143E77ED93B}.CD_ROM|x64.ActiveCfg = Release|Any CPU
		{4F173EA1-9B45-4723-B9EC-E143E77ED93B}.CD_ROM|x64.Build.0 = Release|Any CPU
		{4F173EA1-9B45-4723-B9EC-E143E77ED93B}.CD_ROM|x86.ActiveCfg = Release|Any CPU
		{4F173EA1-9B45-4723-B9EC-E143E77ED93B}.CD_ROM|x86.Build.0 = Release|Any CPU
		{4F173EA1-9B45-4723-B9EC-E143E77ED93B}.Debug|Any CPU.ActiveCfg = Debug|Any CPU
		{4F173EA1-9B45-4723-B9EC-E143E77ED93B}.Debug|Any CPU.Build.0 = Debug|Any CPU
		{4F173EA1-9B45-4723-B9EC-E143E77ED93B}.Debug|ARM.ActiveCfg = Debug|Any CPU
		{4F173EA1-9B45-4723-B9EC-E143E77ED93B}.Debug|ARM.Build.0 = Debug|Any CPU
		{4F173EA1-9B45-4723-B9EC-E143E77ED93B}.Debug|Mixed Platforms.ActiveCfg = Debug|Any CPU
		{4F173EA1-9B45-4723-B9EC-E143E77ED93B}.Debug|Mixed Platforms.Build.0 = Debug|Any CPU
		{4F173EA1-9B45-4723-B9EC-E143E77ED93B}.Debug|Win32.ActiveCfg = Debug|Any CPU
		{4F173EA1-9B45-4723-B9EC-E143E77ED93B}.Debug|Win32.Build.0 = Debug|Any CPU
		{4F173EA1-9B45-4723-B9EC-E143E77ED93B}.Debug|x64.ActiveCfg = Debug|Any CPU
		{4F173EA1-9B45-4723-B9EC-E143E77ED93B}.Debug|x64.Build.0 = Debug|Any CPU
		{4F173EA1-9B45-4723-B9EC-E143E77ED93B}.Debug|x86.ActiveCfg = Debug|Any CPU
		{4F173EA1-9B45-4723-B9EC-E143E77ED93B}.Debug|x86.Build.0 = Debug|Any CPU
		{4F173EA1-9B45-4723-B9EC-E143E77ED93B}.DVD-5|Any CPU.ActiveCfg = Debug|Any CPU
		{4F173EA1-9B45-4723-B9EC-E143E77ED93B}.DVD-5|Any CPU.Build.0 = Debug|Any CPU
		{4F173EA1-9B45-4723-B9EC-E143E77ED93B}.DVD-5|ARM.ActiveCfg = Debug|Any CPU
		{4F173EA1-9B45-4723-B9EC-E143E77ED93B}.DVD-5|ARM.Build.0 = Debug|Any CPU
		{4F173EA1-9B45-4723-B9EC-E143E77ED93B}.DVD-5|Mixed Platforms.ActiveCfg = Debug|Any CPU
		{4F173EA1-9B45-4723-B9EC-E143E77ED93B}.DVD-5|Mixed Platforms.Build.0 = Debug|Any CPU
		{4F173EA1-9B45-4723-B9EC-E143E77ED93B}.DVD-5|Win32.ActiveCfg = Debug|Any CPU
		{4F173EA1-9B45-4723-B9EC-E143E77ED93B}.DVD-5|Win32.Build.0 = Debug|Any CPU
		{4F173EA1-9B45-4723-B9EC-E143E77ED93B}.DVD-5|x64.ActiveCfg = Debug|Any CPU
		{4F173EA1-9B45-4723-B9EC-E143E77ED93B}.DVD-5|x64.Build.0 = Debug|Any CPU
		{4F173EA1-9B45-4723-B9EC-E143E77ED93B}.DVD-5|x86.ActiveCfg = Debug|Any CPU
		{4F173EA1-9B45-4723-B9EC-E143E77ED93B}.DVD-5|x86.Build.0 = Debug|Any CPU
		{4F173EA1-9B45-4723-B9EC-E143E77ED93B}.Release|Any CPU.ActiveCfg = Release|Any CPU
		{4F173EA1-9B45-4723-B9EC-E143E77ED93B}.Release|Any CPU.Build.0 = Release|Any CPU
		{4F173EA1-9B45-4723-B9EC-E143E77ED93B}.Release|ARM.ActiveCfg = Release|Any CPU
		{4F173EA1-9B45-4723-B9EC-E143E77ED93B}.Release|ARM.Build.0 = Release|Any CPU
		{4F173EA1-9B45-4723-B9EC-E143E77ED93B}.Release|Mixed Platforms.ActiveCfg = Release|Any CPU
		{4F173EA1-9B45-4723-B9EC-E143E77ED93B}.Release|Mixed Platforms.Build.0 = Release|Any CPU
		{4F173EA1-9B45-4723-B9EC-E143E77ED93B}.Release|Win32.ActiveCfg = Release|Any CPU
		{4F173EA1-9B45-4723-B9EC-E143E77ED93B}.Release|Win32.Build.0 = Release|Any CPU
		{4F173EA1-9B45-4723-B9EC-E143E77ED93B}.Release|x64.ActiveCfg = Release|Any CPU
		{4F173EA1-9B45-4723-B9EC-E143E77ED93B}.Release|x64.Build.0 = Release|Any CPU
		{4F173EA1-9B45-4723-B9EC-E143E77ED93B}.Release|x86.ActiveCfg = Release|Any CPU
		{4F173EA1-9B45-4723-B9EC-E143E77ED93B}.Release|x86.Build.0 = Release|Any CPU
		{4F173EA1-9B45-4723-B9EC-E143E77ED93B}.SingleImage|Any CPU.ActiveCfg = Release|Any CPU
		{4F173EA1-9B45-4723-B9EC-E143E77ED93B}.SingleImage|Any CPU.Build.0 = Release|Any CPU
		{4F173EA1-9B45-4723-B9EC-E143E77ED93B}.SingleImage|ARM.ActiveCfg = Release|Any CPU
		{4F173EA1-9B45-4723-B9EC-E143E77ED93B}.SingleImage|ARM.Build.0 = Release|Any CPU
		{4F173EA1-9B45-4723-B9EC-E143E77ED93B}.SingleImage|Mixed Platforms.ActiveCfg = Release|Any CPU
		{4F173EA1-9B45-4723-B9EC-E143E77ED93B}.SingleImage|Mixed Platforms.Build.0 = Release|Any CPU
		{4F173EA1-9B45-4723-B9EC-E143E77ED93B}.SingleImage|Win32.ActiveCfg = Release|Any CPU
		{4F173EA1-9B45-4723-B9EC-E143E77ED93B}.SingleImage|Win32.Build.0 = Release|Any CPU
		{4F173EA1-9B45-4723-B9EC-E143E77ED93B}.SingleImage|x64.ActiveCfg = Release|Any CPU
		{4F173EA1-9B45-4723-B9EC-E143E77ED93B}.SingleImage|x64.Build.0 = Release|Any CPU
		{4F173EA1-9B45-4723-B9EC-E143E77ED93B}.SingleImage|x86.ActiveCfg = Release|Any CPU
		{4F173EA1-9B45-4723-B9EC-E143E77ED93B}.SingleImage|x86.Build.0 = Release|Any CPU
		{A11F13B8-9697-4E73-B2DD-84C030F8FC3F}.CD_ROM|Any CPU.ActiveCfg = Release|Any CPU
		{A11F13B8-9697-4E73-B2DD-84C030F8FC3F}.CD_ROM|Any CPU.Build.0 = Release|Any CPU
		{A11F13B8-9697-4E73-B2DD-84C030F8FC3F}.CD_ROM|ARM.ActiveCfg = Release|Any CPU
		{A11F13B8-9697-4E73-B2DD-84C030F8FC3F}.CD_ROM|ARM.Build.0 = Release|Any CPU
		{A11F13B8-9697-4E73-B2DD-84C030F8FC3F}.CD_ROM|Mixed Platforms.ActiveCfg = Release|Any CPU
		{A11F13B8-9697-4E73-B2DD-84C030F8FC3F}.CD_ROM|Mixed Platforms.Build.0 = Release|Any CPU
		{A11F13B8-9697-4E73-B2DD-84C030F8FC3F}.CD_ROM|Win32.ActiveCfg = Release|Any CPU
		{A11F13B8-9697-4E73-B2DD-84C030F8FC3F}.CD_ROM|Win32.Build.0 = Release|Any CPU
		{A11F13B8-9697-4E73-B2DD-84C030F8FC3F}.CD_ROM|x64.ActiveCfg = Release|Any CPU
		{A11F13B8-9697-4E73-B2DD-84C030F8FC3F}.CD_ROM|x64.Build.0 = Release|Any CPU
		{A11F13B8-9697-4E73-B2DD-84C030F8FC3F}.CD_ROM|x86.ActiveCfg = Release|Any CPU
		{A11F13B8-9697-4E73-B2DD-84C030F8FC3F}.CD_ROM|x86.Build.0 = Release|Any CPU
		{A11F13B8-9697-4E73-B2DD-84C030F8FC3F}.Debug|Any CPU.ActiveCfg = Debug|Any CPU
		{A11F13B8-9697-4E73-B2DD-84C030F8FC3F}.Debug|Any CPU.Build.0 = Debug|Any CPU
		{A11F13B8-9697-4E73-B2DD-84C030F8FC3F}.Debug|ARM.ActiveCfg = Debug|Any CPU
		{A11F13B8-9697-4E73-B2DD-84C030F8FC3F}.Debug|ARM.Build.0 = Debug|Any CPU
		{A11F13B8-9697-4E73-B2DD-84C030F8FC3F}.Debug|Mixed Platforms.ActiveCfg = Debug|Any CPU
		{A11F13B8-9697-4E73-B2DD-84C030F8FC3F}.Debug|Mixed Platforms.Build.0 = Debug|Any CPU
		{A11F13B8-9697-4E73-B2DD-84C030F8FC3F}.Debug|Win32.ActiveCfg = Debug|Any CPU
		{A11F13B8-9697-4E73-B2DD-84C030F8FC3F}.Debug|Win32.Build.0 = Debug|Any CPU
		{A11F13B8-9697-4E73-B2DD-84C030F8FC3F}.Debug|x64.ActiveCfg = Debug|Any CPU
		{A11F13B8-9697-4E73-B2DD-84C030F8FC3F}.Debug|x64.Build.0 = Debug|Any CPU
		{A11F13B8-9697-4E73-B2DD-84C030F8FC3F}.Debug|x86.ActiveCfg = Debug|Any CPU
		{A11F13B8-9697-4E73-B2DD-84C030F8FC3F}.Debug|x86.Build.0 = Debug|Any CPU
		{A11F13B8-9697-4E73-B2DD-84C030F8FC3F}.DVD-5|Any CPU.ActiveCfg = Debug|Any CPU
		{A11F13B8-9697-4E73-B2DD-84C030F8FC3F}.DVD-5|Any CPU.Build.0 = Debug|Any CPU
		{A11F13B8-9697-4E73-B2DD-84C030F8FC3F}.DVD-5|ARM.ActiveCfg = Debug|Any CPU
		{A11F13B8-9697-4E73-B2DD-84C030F8FC3F}.DVD-5|ARM.Build.0 = Debug|Any CPU
		{A11F13B8-9697-4E73-B2DD-84C030F8FC3F}.DVD-5|Mixed Platforms.ActiveCfg = Debug|Any CPU
		{A11F13B8-9697-4E73-B2DD-84C030F8FC3F}.DVD-5|Mixed Platforms.Build.0 = Debug|Any CPU
		{A11F13B8-9697-4E73-B2DD-84C030F8FC3F}.DVD-5|Win32.ActiveCfg = Debug|Any CPU
		{A11F13B8-9697-4E73-B2DD-84C030F8FC3F}.DVD-5|Win32.Build.0 = Debug|Any CPU
		{A11F13B8-9697-4E73-B2DD-84C030F8FC3F}.DVD-5|x64.ActiveCfg = Debug|Any CPU
		{A11F13B8-9697-4E73-B2DD-84C030F8FC3F}.DVD-5|x64.Build.0 = Debug|Any CPU
		{A11F13B8-9697-4E73-B2DD-84C030F8FC3F}.DVD-5|x86.ActiveCfg = Debug|Any CPU
		{A11F13B8-9697-4E73-B2DD-84C030F8FC3F}.DVD-5|x86.Build.0 = Debug|Any CPU
		{A11F13B8-9697-4E73-B2DD-84C030F8FC3F}.Release|Any CPU.ActiveCfg = Release|Any CPU
		{A11F13B8-9697-4E73-B2DD-84C030F8FC3F}.Release|Any CPU.Build.0 = Release|Any CPU
		{A11F13B8-9697-4E73-B2DD-84C030F8FC3F}.Release|ARM.ActiveCfg = Release|Any CPU
		{A11F13B8-9697-4E73-B2DD-84C030F8FC3F}.Release|ARM.Build.0 = Release|Any CPU
		{A11F13B8-9697-4E73-B2DD-84C030F8FC3F}.Release|Mixed Platforms.ActiveCfg = Release|Any CPU
		{A11F13B8-9697-4E73-B2DD-84C030F8FC3F}.Release|Mixed Platforms.Build.0 = Release|Any CPU
		{A11F13B8-9697-4E73-B2DD-84C030F8FC3F}.Release|Win32.ActiveCfg = Release|Any CPU
		{A11F13B8-9697-4E73-B2DD-84C030F8FC3F}.Release|Win32.Build.0 = Release|Any CPU
		{A11F13B8-9697-4E73-B2DD-84C030F8FC3F}.Release|x64.ActiveCfg = Release|Any CPU
		{A11F13B8-9697-4E73-B2DD-84C030F8FC3F}.Release|x64.Build.0 = Release|Any CPU
		{A11F13B8-9697-4E73-B2DD-84C030F8FC3F}.Release|x86.ActiveCfg = Release|Any CPU
		{A11F13B8-9697-4E73-B2DD-84C030F8FC3F}.Release|x86.Build.0 = Release|Any CPU
		{A11F13B8-9697-4E73-B2DD-84C030F8FC3F}.SingleImage|Any CPU.ActiveCfg = Release|Any CPU
		{A11F13B8-9697-4E73-B2DD-84C030F8FC3F}.SingleImage|Any CPU.Build.0 = Release|Any CPU
		{A11F13B8-9697-4E73-B2DD-84C030F8FC3F}.SingleImage|ARM.ActiveCfg = Release|Any CPU
		{A11F13B8-9697-4E73-B2DD-84C030F8FC3F}.SingleImage|ARM.Build.0 = Release|Any CPU
		{A11F13B8-9697-4E73-B2DD-84C030F8FC3F}.SingleImage|Mixed Platforms.ActiveCfg = Release|Any CPU
		{A11F13B8-9697-4E73-B2DD-84C030F8FC3F}.SingleImage|Mixed Platforms.Build.0 = Release|Any CPU
		{A11F13B8-9697-4E73-B2DD-84C030F8FC3F}.SingleImage|Win32.ActiveCfg = Release|Any CPU
		{A11F13B8-9697-4E73-B2DD-84C030F8FC3F}.SingleImage|Win32.Build.0 = Release|Any CPU
		{A11F13B8-9697-4E73-B2DD-84C030F8FC3F}.SingleImage|x64.ActiveCfg = Release|Any CPU
		{A11F13B8-9697-4E73-B2DD-84C030F8FC3F}.SingleImage|x64.Build.0 = Release|Any CPU
		{A11F13B8-9697-4E73-B2DD-84C030F8FC3F}.SingleImage|x86.ActiveCfg = Release|Any CPU
		{A11F13B8-9697-4E73-B2DD-84C030F8FC3F}.SingleImage|x86.Build.0 = Release|Any CPU
	EndGlobalSection
	GlobalSection(SolutionProperties) = preSolution
		HideSolutionNode = FALSE
	EndGlobalSection
	GlobalSection(ExtensibilityGlobals) = postSolution
		SolutionGuid = {5AB129BA-9C97-44D2-8D5B-F34C21458137}
	EndGlobalSection
EndGlobal
