
Microsoft Visual Studio Solution File, Format Version 12.00
# Visual Studio Version 16
VisualStudioVersion = 16.0.29230.47
MinimumVisualStudioVersion = 10.0.40219.1
Project("{FAE04EC0-301F-11D3-BF4B-00C04F79EFBC}") = "Anticafe 4.0 Model", "Anticafe 4.0 Model\Anticafe 4.0 Model.csproj", "{BCA3F389-57CB-468D-A06F-C17A578DE3B2}"
EndProject
Project("{FAE04EC0-301F-11D3-BF4B-00C04F79EFBC}") = "Anticafe 4.0 Desktop", "Anticafe 4.0 Desktop\Anticafe 4.0 Desktop.csproj", "{CC60C6C2-B505-4ACE-9FC0-67A40C807781}"
EndProject
Global
	GlobalSection(SolutionConfigurationPlatforms) = preSolution
		Debug|x64 = Debug|x64
		Release|x64 = Release|x64
	EndGlobalSection
	GlobalSection(ProjectConfigurationPlatforms) = postSolution
		{BCA3F389-57CB-468D-A06F-C17A578DE3B2}.Debug|x64.ActiveCfg = Debug|Any CPU
		{BCA3F389-57CB-468D-A06F-C17A578DE3B2}.Debug|x64.Build.0 = Debug|Any CPU
		{BCA3F389-57CB-468D-A06F-C17A578DE3B2}.Release|x64.ActiveCfg = Release|Any CPU
		{BCA3F389-57CB-468D-A06F-C17A578DE3B2}.Release|x64.Build.0 = Release|Any CPU
		{CC60C6C2-B505-4ACE-9FC0-67A40C807781}.Debug|x64.ActiveCfg = Debug|Any CPU
		{CC60C6C2-B505-4ACE-9FC0-67A40C807781}.Debug|x64.Build.0 = Debug|Any CPU
		{CC60C6C2-B505-4ACE-9FC0-67A40C807781}.Release|x64.ActiveCfg = Release|Any CPU
		{CC60C6C2-B505-4ACE-9FC0-67A40C807781}.Release|x64.Build.0 = Release|Any CPU
	EndGlobalSection
	GlobalSection(SolutionProperties) = preSolution
		HideSolutionNode = FALSE
	EndGlobalSection
	GlobalSection(ExtensibilityGlobals) = postSolution
		SolutionGuid = {5AB129BA-9C97-44D2-8D5B-F34C21458137}
	EndGlobalSection
EndGlobal
