
Microsoft Visual Studio Solution File, Format Version 12.00
# Visual Studio 14
VisualStudioVersion = 14.0.25420.1
MinimumVisualStudioVersion = 10.0.40219.1
Project("{FAE04EC0-301F-11D3-BF4B-00C04F79EFBC}") = "Anticafe 2.0", "Anticafe 2.0\Anticafe 2.0.csproj", "{3CBC5AE1-1BEC-4D84-A641-1316E75E0F32}"
	ProjectSection(ProjectDependencies) = postProject
		{9B29194A-F491-4856-98A5-1B3548A643B7} = {9B29194A-F491-4856-98A5-1B3548A643B7}
	EndProjectSection
EndProject
Project("{FAE04EC0-301F-11D3-BF4B-00C04F79EFBC}") = "Guest", "Guest\Guest.csproj", "{597C96AD-C53C-4EFB-B740-584EC013FAC9}"
EndProject
Project("{FAE04EC0-301F-11D3-BF4B-00C04F79EFBC}") = "BackEnd", "BackEnd\BackEnd.csproj", "{B94CA921-108A-4699-88FA-67DF0099B7A4}"
EndProject
Project("{FAE04EC0-301F-11D3-BF4B-00C04F79EFBC}") = "Info", "Info\Info.csproj", "{24B711ED-2865-4B96-870E-9BAB04AB8919}"
EndProject
Project("{FAE04EC0-301F-11D3-BF4B-00C04F79EFBC}") = "CloseProject", "CloseProject\CloseProject.csproj", "{750B57FF-E2EB-4C94-840E-BAC5E3ACFBB0}"
EndProject
Project("{6141683F-8A12-4E36-9623-2EB02B2C2303}") = "Setup Anticafe", "Setup Anticafe\Setup Anticafe.isproj", "{9B29194A-F491-4856-98A5-1B3548A643B7}"
EndProject
Global
	GlobalSection(SolutionConfigurationPlatforms) = preSolution
		CD_ROM|Any CPU = CD_ROM|Any CPU
		CD_ROM|ARM = CD_ROM|ARM
		CD_ROM|Mixed Platforms = CD_ROM|Mixed Platforms
		CD_ROM|Win32 = CD_ROM|Win32
		CD_ROM|x64 = CD_ROM|x64
		CD_ROM|x86 = CD_ROM|x86
		Debug|Any CPU = Debug|Any CPU
		Debug|ARM = Debug|ARM
		Debug|Mixed Platforms = Debug|Mixed Platforms
		Debug|Win32 = Debug|Win32
		Debug|x64 = Debug|x64
		Debug|x86 = Debug|x86
		DVD-5|Any CPU = DVD-5|Any CPU
		DVD-5|ARM = DVD-5|ARM
		DVD-5|Mixed Platforms = DVD-5|Mixed Platforms
		DVD-5|Win32 = DVD-5|Win32
		DVD-5|x64 = DVD-5|x64
		DVD-5|x86 = DVD-5|x86
		Release|Any CPU = Release|Any CPU
		Release|ARM = Release|ARM
		Release|Mixed Platforms = Release|Mixed Platforms
		Release|Win32 = Release|Win32
		Release|x64 = Release|x64
		Release|x86 = Release|x86
		SingleImage|Any CPU = SingleImage|Any CPU
		SingleImage|ARM = SingleImage|ARM
		SingleImage|Mixed Platforms = SingleImage|Mixed Platforms
		SingleImage|Win32 = SingleImage|Win32
		SingleImage|x64 = SingleImage|x64
		SingleImage|x86 = SingleImage|x86
	EndGlobalSection
	GlobalSection(ProjectConfigurationPlatforms) = postSolution
		{3CBC5AE1-1BEC-4D84-A641-1316E75E0F32}.CD_ROM|Any CPU.ActiveCfg = Release|x86
		{3CBC5AE1-1BEC-4D84-A641-1316E75E0F32}.CD_ROM|ARM.ActiveCfg = Release|x86
		{3CBC5AE1-1BEC-4D84-A641-1316E75E0F32}.CD_ROM|Mixed Platforms.ActiveCfg = Release|x86
		{3CBC5AE1-1BEC-4D84-A641-1316E75E0F32}.CD_ROM|Mixed Platforms.Build.0 = Release|x86
		{3CBC5AE1-1BEC-4D84-A641-1316E75E0F32}.CD_ROM|Win32.ActiveCfg = Release|x86
		{3CBC5AE1-1BEC-4D84-A641-1316E75E0F32}.CD_ROM|Win32.Build.0 = Release|x86
		{3CBC5AE1-1BEC-4D84-A641-1316E75E0F32}.CD_ROM|x64.ActiveCfg = Release|x86
		{3CBC5AE1-1BEC-4D84-A641-1316E75E0F32}.CD_ROM|x86.ActiveCfg = Release|x86
		{3CBC5AE1-1BEC-4D84-A641-1316E75E0F32}.CD_ROM|x86.Build.0 = Release|x86
		{3CBC5AE1-1BEC-4D84-A641-1316E75E0F32}.Debug|Any CPU.ActiveCfg = Debug|x86
		{3CBC5AE1-1BEC-4D84-A641-1316E75E0F32}.Debug|ARM.ActiveCfg = Debug|x86
		{3CBC5AE1-1BEC-4D84-A641-1316E75E0F32}.Debug|Mixed Platforms.ActiveCfg = Debug|x86
		{3CBC5AE1-1BEC-4D84-A641-1316E75E0F32}.Debug|Mixed Platforms.Build.0 = Debug|x86
		{3CBC5AE1-1BEC-4D84-A641-1316E75E0F32}.Debug|Win32.ActiveCfg = Debug|x86
		{3CBC5AE1-1BEC-4D84-A641-1316E75E0F32}.Debug|Win32.Build.0 = Debug|x86
		{3CBC5AE1-1BEC-4D84-A641-1316E75E0F32}.Debug|x64.ActiveCfg = Debug|x86
		{3CBC5AE1-1BEC-4D84-A641-1316E75E0F32}.Debug|x86.ActiveCfg = Debug|x86
		{3CBC5AE1-1BEC-4D84-A641-1316E75E0F32}.Debug|x86.Build.0 = Debug|x86
		{3CBC5AE1-1BEC-4D84-A641-1316E75E0F32}.DVD-5|Any CPU.ActiveCfg = Debug|x86
		{3CBC5AE1-1BEC-4D84-A641-1316E75E0F32}.DVD-5|ARM.ActiveCfg = Debug|x86
		{3CBC5AE1-1BEC-4D84-A641-1316E75E0F32}.DVD-5|Mixed Platforms.ActiveCfg = Debug|x86
		{3CBC5AE1-1BEC-4D84-A641-1316E75E0F32}.DVD-5|Mixed Platforms.Build.0 = Debug|x86
		{3CBC5AE1-1BEC-4D84-A641-1316E75E0F32}.DVD-5|Win32.ActiveCfg = Debug|x86
		{3CBC5AE1-1BEC-4D84-A641-1316E75E0F32}.DVD-5|Win32.Build.0 = Debug|x86
		{3CBC5AE1-1BEC-4D84-A641-1316E75E0F32}.DVD-5|x64.ActiveCfg = Debug|x86
		{3CBC5AE1-1BEC-4D84-A641-1316E75E0F32}.DVD-5|x86.ActiveCfg = Debug|x86
		{3CBC5AE1-1BEC-4D84-A641-1316E75E0F32}.DVD-5|x86.Build.0 = Debug|x86
		{3CBC5AE1-1BEC-4D84-A641-1316E75E0F32}.Release|Any CPU.ActiveCfg = Release|x86
		{3CBC5AE1-1BEC-4D84-A641-1316E75E0F32}.Release|ARM.ActiveCfg = Release|x86
		{3CBC5AE1-1BEC-4D84-A641-1316E75E0F32}.Release|Mixed Platforms.ActiveCfg = Release|x86
		{3CBC5AE1-1BEC-4D84-A641-1316E75E0F32}.Release|Mixed Platforms.Build.0 = Release|x86
		{3CBC5AE1-1BEC-4D84-A641-1316E75E0F32}.Release|Win32.ActiveCfg = Release|x86
		{3CBC5AE1-1BEC-4D84-A641-1316E75E0F32}.Release|Win32.Build.0 = Release|x86
		{3CBC5AE1-1BEC-4D84-A641-1316E75E0F32}.Release|x64.ActiveCfg = Release|x86
		{3CBC5AE1-1BEC-4D84-A641-1316E75E0F32}.Release|x86.ActiveCfg = Release|x86
		{3CBC5AE1-1BEC-4D84-A641-1316E75E0F32}.Release|x86.Build.0 = Release|x86
		{3CBC5AE1-1BEC-4D84-A641-1316E75E0F32}.SingleImage|Any CPU.ActiveCfg = Release|x86
		{3CBC5AE1-1BEC-4D84-A641-1316E75E0F32}.SingleImage|ARM.ActiveCfg = Release|x86
		{3CBC5AE1-1BEC-4D84-A641-1316E75E0F32}.SingleImage|Mixed Platforms.ActiveCfg = Release|x86
		{3CBC5AE1-1BEC-4D84-A641-1316E75E0F32}.SingleImage|Mixed Platforms.Build.0 = Release|x86
		{3CBC5AE1-1BEC-4D84-A641-1316E75E0F32}.SingleImage|Win32.ActiveCfg = Release|x86
		{3CBC5AE1-1BEC-4D84-A641-1316E75E0F32}.SingleImage|Win32.Build.0 = Release|x86
		{3CBC5AE1-1BEC-4D84-A641-1316E75E0F32}.SingleImage|x64.ActiveCfg = Release|x86
		{3CBC5AE1-1BEC-4D84-A641-1316E75E0F32}.SingleImage|x86.ActiveCfg = Release|x86
		{3CBC5AE1-1BEC-4D84-A641-1316E75E0F32}.SingleImage|x86.Build.0 = Release|x86
		{597C96AD-C53C-4EFB-B740-584EC013FAC9}.CD_ROM|Any CPU.ActiveCfg = Release|Any CPU
		{597C96AD-C53C-4EFB-B740-584EC013FAC9}.CD_ROM|Any CPU.Build.0 = Release|Any CPU
		{597C96AD-C53C-4EFB-B740-584EC013FAC9}.CD_ROM|ARM.ActiveCfg = Release|Any CPU
		{597C96AD-C53C-4EFB-B740-584EC013FAC9}.CD_ROM|ARM.Build.0 = Release|Any CPU
		{597C96AD-C53C-4EFB-B740-584EC013FAC9}.CD_ROM|Mixed Platforms.ActiveCfg = Release|Any CPU
		{597C96AD-C53C-4EFB-B740-584EC013FAC9}.CD_ROM|Mixed Platforms.Build.0 = Release|Any CPU
		{597C96AD-C53C-4EFB-B740-584EC013FAC9}.CD_ROM|Win32.ActiveCfg = Release|Any CPU
		{597C96AD-C53C-4EFB-B740-584EC013FAC9}.CD_ROM|Win32.Build.0 = Release|Any CPU
		{597C96AD-C53C-4EFB-B740-584EC013FAC9}.CD_ROM|x64.ActiveCfg = Release|Any CPU
		{597C96AD-C53C-4EFB-B740-584EC013FAC9}.CD_ROM|x64.Build.0 = Release|Any CPU
		{597C96AD-C53C-4EFB-B740-584EC013FAC9}.CD_ROM|x86.ActiveCfg = Release|Any CPU
		{597C96AD-C53C-4EFB-B740-584EC013FAC9}.CD_ROM|x86.Build.0 = Release|Any CPU
		{597C96AD-C53C-4EFB-B740-584EC013FAC9}.Debug|Any CPU.ActiveCfg = Debug|Any CPU
		{597C96AD-C53C-4EFB-B740-584EC013FAC9}.Debug|Any CPU.Build.0 = Debug|Any CPU
		{597C96AD-C53C-4EFB-B740-584EC013FAC9}.Debug|ARM.ActiveCfg = Debug|Any CPU
		{597C96AD-C53C-4EFB-B740-584EC013FAC9}.Debug|ARM.Build.0 = Debug|Any CPU
		{597C96AD-C53C-4EFB-B740-584EC013FAC9}.Debug|Mixed Platforms.ActiveCfg = Debug|Any CPU
		{597C96AD-C53C-4EFB-B740-584EC013FAC9}.Debug|Mixed Platforms.Build.0 = Debug|Any CPU
		{597C96AD-C53C-4EFB-B740-584EC013FAC9}.Debug|Win32.ActiveCfg = Debug|Any CPU
		{597C96AD-C53C-4EFB-B740-584EC013FAC9}.Debug|Win32.Build.0 = Debug|Any CPU
		{597C96AD-C53C-4EFB-B740-584EC013FAC9}.Debug|x64.ActiveCfg = Debug|Any CPU
		{597C96AD-C53C-4EFB-B740-584EC013FAC9}.Debug|x64.Build.0 = Debug|Any CPU
		{597C96AD-C53C-4EFB-B740-584EC013FAC9}.Debug|x86.ActiveCfg = Debug|Any CPU
		{597C96AD-C53C-4EFB-B740-584EC013FAC9}.Debug|x86.Build.0 = Debug|Any CPU
		{597C96AD-C53C-4EFB-B740-584EC013FAC9}.DVD-5|Any CPU.ActiveCfg = Debug|Any CPU
		{597C96AD-C53C-4EFB-B740-584EC013FAC9}.DVD-5|Any CPU.Build.0 = Debug|Any CPU
		{597C96AD-C53C-4EFB-B740-584EC013FAC9}.DVD-5|ARM.ActiveCfg = Debug|Any CPU
		{597C96AD-C53C-4EFB-B740-584EC013FAC9}.DVD-5|ARM.Build.0 = Debug|Any CPU
		{597C96AD-C53C-4EFB-B740-584EC013FAC9}.DVD-5|Mixed Platforms.ActiveCfg = Debug|Any CPU
		{597C96AD-C53C-4EFB-B740-584EC013FAC9}.DVD-5|Mixed Platforms.Build.0 = Debug|Any CPU
		{597C96AD-C53C-4EFB-B740-584EC013FAC9}.DVD-5|Win32.ActiveCfg = Debug|Any CPU
		{597C96AD-C53C-4EFB-B740-584EC013FAC9}.DVD-5|Win32.Build.0 = Debug|Any CPU
		{597C96AD-C53C-4EFB-B740-584EC013FAC9}.DVD-5|x64.ActiveCfg = Debug|Any CPU
		{597C96AD-C53C-4EFB-B740-584EC013FAC9}.DVD-5|x64.Build.0 = Debug|Any CPU
		{597C96AD-C53C-4EFB-B740-584EC013FAC9}.DVD-5|x86.ActiveCfg = Debug|Any CPU
		{597C96AD-C53C-4EFB-B740-584EC013FAC9}.DVD-5|x86.Build.0 = Debug|Any CPU
		{597C96AD-C53C-4EFB-B740-584EC013FAC9}.Release|Any CPU.ActiveCfg = Release|Any CPU
		{597C96AD-C53C-4EFB-B740-584EC013FAC9}.Release|Any CPU.Build.0 = Release|Any CPU
		{597C96AD-C53C-4EFB-B740-584EC013FAC9}.Release|ARM.ActiveCfg = Release|Any CPU
		{597C96AD-C53C-4EFB-B740-584EC013FAC9}.Release|ARM.Build.0 = Release|Any CPU
		{597C96AD-C53C-4EFB-B740-584EC013FAC9}.Release|Mixed Platforms.ActiveCfg = Release|Any CPU
		{597C96AD-C53C-4EFB-B740-584EC013FAC9}.Release|Mixed Platforms.Build.0 = Release|Any CPU
		{597C96AD-C53C-4EFB-B740-584EC013FAC9}.Release|Win32.ActiveCfg = Release|Any CPU
		{597C96AD-C53C-4EFB-B740-584EC013FAC9}.Release|Win32.Build.0 = Release|Any CPU
		{597C96AD-C53C-4EFB-B740-584EC013FAC9}.Release|x64.ActiveCfg = Release|Any CPU
		{597C96AD-C53C-4EFB-B740-584EC013FAC9}.Release|x64.Build.0 = Release|Any CPU
		{597C96AD-C53C-4EFB-B740-584EC013FAC9}.Release|x86.ActiveCfg = Release|Any CPU
		{597C96AD-C53C-4EFB-B740-584EC013FAC9}.Release|x86.Build.0 = Release|Any CPU
		{597C96AD-C53C-4EFB-B740-584EC013FAC9}.SingleImage|Any CPU.ActiveCfg = Release|Any CPU
		{597C96AD-C53C-4EFB-B740-584EC013FAC9}.SingleImage|Any CPU.Build.0 = Release|Any CPU
		{597C96AD-C53C-4EFB-B740-584EC013FAC9}.SingleImage|ARM.ActiveCfg = Release|Any CPU
		{597C96AD-C53C-4EFB-B740-584EC013FAC9}.SingleImage|ARM.Build.0 = Release|Any CPU
		{597C96AD-C53C-4EFB-B740-584EC013FAC9}.SingleImage|Mixed Platforms.ActiveCfg = Release|Any CPU
		{597C96AD-C53C-4EFB-B740-584EC013FAC9}.SingleImage|Mixed Platforms.Build.0 = Release|Any CPU
		{597C96AD-C53C-4EFB-B740-584EC013FAC9}.SingleImage|Win32.ActiveCfg = Release|Any CPU
		{597C96AD-C53C-4EFB-B740-584EC013FAC9}.SingleImage|Win32.Build.0 = Release|Any CPU
		{597C96AD-C53C-4EFB-B740-584EC013FAC9}.SingleImage|x64.ActiveCfg = Release|Any CPU
		{597C96AD-C53C-4EFB-B740-584EC013FAC9}.SingleImage|x64.Build.0 = Release|Any CPU
		{597C96AD-C53C-4EFB-B740-584EC013FAC9}.SingleImage|x86.ActiveCfg = Release|Any CPU
		{597C96AD-C53C-4EFB-B740-584EC013FAC9}.SingleImage|x86.Build.0 = Release|Any CPU
		{B94CA921-108A-4699-88FA-67DF0099B7A4}.CD_ROM|Any CPU.ActiveCfg = Release|Any CPU
		{B94CA921-108A-4699-88FA-67DF0099B7A4}.CD_ROM|Any CPU.Build.0 = Release|Any CPU
		{B94CA921-108A-4699-88FA-67DF0099B7A4}.CD_ROM|ARM.ActiveCfg = Release|Any CPU
		{B94CA921-108A-4699-88FA-67DF0099B7A4}.CD_ROM|ARM.Build.0 = Release|Any CPU
		{B94CA921-108A-4699-88FA-67DF0099B7A4}.CD_ROM|Mixed Platforms.ActiveCfg = Release|Any CPU
		{B94CA921-108A-4699-88FA-67DF0099B7A4}.CD_ROM|Mixed Platforms.Build.0 = Release|Any CPU
		{B94CA921-108A-4699-88FA-67DF0099B7A4}.CD_ROM|Win32.ActiveCfg = Release|Any CPU
		{B94CA921-108A-4699-88FA-67DF0099B7A4}.CD_ROM|Win32.Build.0 = Release|Any CPU
		{B94CA921-108A-4699-88FA-67DF0099B7A4}.CD_ROM|x64.ActiveCfg = Release|Any CPU
		{B94CA921-108A-4699-88FA-67DF0099B7A4}.CD_ROM|x64.Build.0 = Release|Any CPU
		{B94CA921-108A-4699-88FA-67DF0099B7A4}.CD_ROM|x86.ActiveCfg = Release|Any CPU
		{B94CA921-108A-4699-88FA-67DF0099B7A4}.CD_ROM|x86.Build.0 = Release|Any CPU
		{B94CA921-108A-4699-88FA-67DF0099B7A4}.Debug|Any CPU.ActiveCfg = Debug|Any CPU
		{B94CA921-108A-4699-88FA-67DF0099B7A4}.Debug|Any CPU.Build.0 = Debug|Any CPU
		{B94CA921-108A-4699-88FA-67DF0099B7A4}.Debug|ARM.ActiveCfg = Debug|Any CPU
		{B94CA921-108A-4699-88FA-67DF0099B7A4}.Debug|ARM.Build.0 = Debug|Any CPU
		{B94CA921-108A-4699-88FA-67DF0099B7A4}.Debug|Mixed Platforms.ActiveCfg = Debug|Any CPU
		{B94CA921-108A-4699-88FA-67DF0099B7A4}.Debug|Mixed Platforms.Build.0 = Debug|Any CPU
		{B94CA921-108A-4699-88FA-67DF0099B7A4}.Debug|Win32.ActiveCfg = Debug|Any CPU
		{B94CA921-108A-4699-88FA-67DF0099B7A4}.Debug|Win32.Build.0 = Debug|Any CPU
		{B94CA921-108A-4699-88FA-67DF0099B7A4}.Debug|x64.ActiveCfg = Debug|Any CPU
		{B94CA921-108A-4699-88FA-67DF0099B7A4}.Debug|x64.Build.0 = Debug|Any CPU
		{B94CA921-108A-4699-88FA-67DF0099B7A4}.Debug|x86.ActiveCfg = Debug|Any CPU
		{B94CA921-108A-4699-88FA-67DF0099B7A4}.Debug|x86.Build.0 = Debug|Any CPU
		{B94CA921-108A-4699-88FA-67DF0099B7A4}.DVD-5|Any CPU.ActiveCfg = Debug|Any CPU
		{B94CA921-108A-4699-88FA-67DF0099B7A4}.DVD-5|Any CPU.Build.0 = Debug|Any CPU
		{B94CA921-108A-4699-88FA-67DF0099B7A4}.DVD-5|ARM.ActiveCfg = Debug|Any CPU
		{B94CA921-108A-4699-88FA-67DF0099B7A4}.DVD-5|ARM.Build.0 = Debug|Any CPU
		{B94CA921-108A-4699-88FA-67DF0099B7A4}.DVD-5|Mixed Platforms.ActiveCfg = Debug|Any CPU
		{B94CA921-108A-4699-88FA-67DF0099B7A4}.DVD-5|Mixed Platforms.Build.0 = Debug|Any CPU
		{B94CA921-108A-4699-88FA-67DF0099B7A4}.DVD-5|Win32.ActiveCfg = Debug|Any CPU
		{B94CA921-108A-4699-88FA-67DF0099B7A4}.DVD-5|Win32.Build.0 = Debug|Any CPU
		{B94CA921-108A-4699-88FA-67DF0099B7A4}.DVD-5|x64.ActiveCfg = Debug|Any CPU
		{B94CA921-108A-4699-88FA-67DF0099B7A4}.DVD-5|x64.Build.0 = Debug|Any CPU
		{B94CA921-108A-4699-88FA-67DF0099B7A4}.DVD-5|x86.ActiveCfg = Debug|Any CPU
		{B94CA921-108A-4699-88FA-67DF0099B7A4}.DVD-5|x86.Build.0 = Debug|Any CPU
		{B94CA921-108A-4699-88FA-67DF0099B7A4}.Release|Any CPU.ActiveCfg = Release|Any CPU
		{B94CA921-108A-4699-88FA-67DF0099B7A4}.Release|Any CPU.Build.0 = Release|Any CPU
		{B94CA921-108A-4699-88FA-67DF0099B7A4}.Release|ARM.ActiveCfg = Release|Any CPU
		{B94CA921-108A-4699-88FA-67DF0099B7A4}.Release|ARM.Build.0 = Release|Any CPU
		{B94CA921-108A-4699-88FA-67DF0099B7A4}.Release|Mixed Platforms.ActiveCfg = Release|Any CPU
		{B94CA921-108A-4699-88FA-67DF0099B7A4}.Release|Mixed Platforms.Build.0 = Release|Any CPU
		{B94CA921-108A-4699-88FA-67DF0099B7A4}.Release|Win32.ActiveCfg = Release|Any CPU
		{B94CA921-108A-4699-88FA-67DF0099B7A4}.Release|Win32.Build.0 = Release|Any CPU
		{B94CA921-108A-4699-88FA-67DF0099B7A4}.Release|x64.ActiveCfg = Release|Any CPU
		{B94CA921-108A-4699-88FA-67DF0099B7A4}.Release|x64.Build.0 = Release|Any CPU
		{B94CA921-108A-4699-88FA-67DF0099B7A4}.Release|x86.ActiveCfg = Release|Any CPU
		{B94CA921-108A-4699-88FA-67DF0099B7A4}.Release|x86.Build.0 = Release|Any CPU
		{B94CA921-108A-4699-88FA-67DF0099B7A4}.SingleImage|Any CPU.ActiveCfg = Release|Any CPU
		{B94CA921-108A-4699-88FA-67DF0099B7A4}.SingleImage|Any CPU.Build.0 = Release|Any CPU
		{B94CA921-108A-4699-88FA-67DF0099B7A4}.SingleImage|ARM.ActiveCfg = Release|Any CPU
		{B94CA921-108A-4699-88FA-67DF0099B7A4}.SingleImage|ARM.Build.0 = Release|Any CPU
		{B94CA921-108A-4699-88FA-67DF0099B7A4}.SingleImage|Mixed Platforms.ActiveCfg = Release|Any CPU
		{B94CA921-108A-4699-88FA-67DF0099B7A4}.SingleImage|Mixed Platforms.Build.0 = Release|Any CPU
		{B94CA921-108A-4699-88FA-67DF0099B7A4}.SingleImage|Win32.ActiveCfg = Release|Any CPU
		{B94CA921-108A-4699-88FA-67DF0099B7A4}.SingleImage|Win32.Build.0 = Release|Any CPU
		{B94CA921-108A-4699-88FA-67DF0099B7A4}.SingleImage|x64.ActiveCfg = Release|Any CPU
		{B94CA921-108A-4699-88FA-67DF0099B7A4}.SingleImage|x64.Build.0 = Release|Any CPU
		{B94CA921-108A-4699-88FA-67DF0099B7A4}.SingleImage|x86.ActiveCfg = Release|Any CPU
		{B94CA921-108A-4699-88FA-67DF0099B7A4}.SingleImage|x86.Build.0 = Release|Any CPU
		{24B711ED-2865-4B96-870E-9BAB04AB8919}.CD_ROM|Any CPU.ActiveCfg = Release|Any CPU
		{24B711ED-2865-4B96-870E-9BAB04AB8919}.CD_ROM|Any CPU.Build.0 = Release|Any CPU
		{24B711ED-2865-4B96-870E-9BAB04AB8919}.CD_ROM|ARM.ActiveCfg = Release|Any CPU
		{24B711ED-2865-4B96-870E-9BAB04AB8919}.CD_ROM|ARM.Build.0 = Release|Any CPU
		{24B711ED-2865-4B96-870E-9BAB04AB8919}.CD_ROM|Mixed Platforms.ActiveCfg = Release|Any CPU
		{24B711ED-2865-4B96-870E-9BAB04AB8919}.CD_ROM|Mixed Platforms.Build.0 = Release|Any CPU
		{24B711ED-2865-4B96-870E-9BAB04AB8919}.CD_ROM|Win32.ActiveCfg = Release|Any CPU
		{24B711ED-2865-4B96-870E-9BAB04AB8919}.CD_ROM|Win32.Build.0 = Release|Any CPU
		{24B711ED-2865-4B96-870E-9BAB04AB8919}.CD_ROM|x64.ActiveCfg = Release|Any CPU
		{24B711ED-2865-4B96-870E-9BAB04AB8919}.CD_ROM|x64.Build.0 = Release|Any CPU
		{24B711ED-2865-4B96-870E-9BAB04AB8919}.CD_ROM|x86.ActiveCfg = Release|Any CPU
		{24B711ED-2865-4B96-870E-9BAB04AB8919}.CD_ROM|x86.Build.0 = Release|Any CPU
		{24B711ED-2865-4B96-870E-9BAB04AB8919}.Debug|Any CPU.ActiveCfg = Debug|Any CPU
		{24B711ED-2865-4B96-870E-9BAB04AB8919}.Debug|Any CPU.Build.0 = Debug|Any CPU
		{24B711ED-2865-4B96-870E-9BAB04AB8919}.Debug|ARM.ActiveCfg = Debug|Any CPU
		{24B711ED-2865-4B96-870E-9BAB04AB8919}.Debug|ARM.Build.0 = Debug|Any CPU
		{24B711ED-2865-4B96-870E-9BAB04AB8919}.Debug|Mixed Platforms.ActiveCfg = Debug|Any CPU
		{24B711ED-2865-4B96-870E-9BAB04AB8919}.Debug|Mixed Platforms.Build.0 = Debug|Any CPU
		{24B711ED-2865-4B96-870E-9BAB04AB8919}.Debug|Win32.ActiveCfg = Debug|Any CPU
		{24B711ED-2865-4B96-870E-9BAB04AB8919}.Debug|Win32.Build.0 = Debug|Any CPU
		{24B711ED-2865-4B96-870E-9BAB04AB8919}.Debug|x64.ActiveCfg = Debug|Any CPU
		{24B711ED-2865-4B96-870E-9BAB04AB8919}.Debug|x64.Build.0 = Debug|Any CPU
		{24B711ED-2865-4B96-870E-9BAB04AB8919}.Debug|x86.ActiveCfg = Debug|Any CPU
		{24B711ED-2865-4B96-870E-9BAB04AB8919}.Debug|x86.Build.0 = Debug|Any CPU
		{24B711ED-2865-4B96-870E-9BAB04AB8919}.DVD-5|Any CPU.ActiveCfg = Debug|Any CPU
		{24B711ED-2865-4B96-870E-9BAB04AB8919}.DVD-5|Any CPU.Build.0 = Debug|Any CPU
		{24B711ED-2865-4B96-870E-9BAB04AB8919}.DVD-5|ARM.ActiveCfg = Debug|Any CPU
		{24B711ED-2865-4B96-870E-9BAB04AB8919}.DVD-5|ARM.Build.0 = Debug|Any CPU
		{24B711ED-2865-4B96-870E-9BAB04AB8919}.DVD-5|Mixed Platforms.ActiveCfg = Debug|Any CPU
		{24B711ED-2865-4B96-870E-9BAB04AB8919}.DVD-5|Mixed Platforms.Build.0 = Debug|Any CPU
		{24B711ED-2865-4B96-870E-9BAB04AB8919}.DVD-5|Win32.ActiveCfg = Debug|Any CPU
		{24B711ED-2865-4B96-870E-9BAB04AB8919}.DVD-5|Win32.Build.0 = Debug|Any CPU
		{24B711ED-2865-4B96-870E-9BAB04AB8919}.DVD-5|x64.ActiveCfg = Debug|Any CPU
		{24B711ED-2865-4B96-870E-9BAB04AB8919}.DVD-5|x64.Build.0 = Debug|Any CPU
		{24B711ED-2865-4B96-870E-9BAB04AB8919}.DVD-5|x86.ActiveCfg = Debug|Any CPU
		{24B711ED-2865-4B96-870E-9BAB04AB8919}.DVD-5|x86.Build.0 = Debug|Any CPU
		{24B711ED-2865-4B96-870E-9BAB04AB8919}.Release|Any CPU.ActiveCfg = Release|Any CPU
		{24B711ED-2865-4B96-870E-9BAB04AB8919}.Release|Any CPU.Build.0 = Release|Any CPU
		{24B711ED-2865-4B96-870E-9BAB04AB8919}.Release|ARM.ActiveCfg = Release|Any CPU
		{24B711ED-2865-4B96-870E-9BAB04AB8919}.Release|ARM.Build.0 = Release|Any CPU
		{24B711ED-2865-4B96-870E-9BAB04AB8919}.Release|Mixed Platforms.ActiveCfg = Release|Any CPU
		{24B711ED-2865-4B96-870E-9BAB04AB8919}.Release|Mixed Platforms.Build.0 = Release|Any CPU
		{24B711ED-2865-4B96-870E-9BAB04AB8919}.Release|Win32.ActiveCfg = Release|Any CPU
		{24B711ED-2865-4B96-870E-9BAB04AB8919}.Release|Win32.Build.0 = Release|Any CPU
		{24B711ED-2865-4B96-870E-9BAB04AB8919}.Release|x64.ActiveCfg = Release|Any CPU
		{24B711ED-2865-4B96-870E-9BAB04AB8919}.Release|x64.Build.0 = Release|Any CPU
		{24B711ED-2865-4B96-870E-9BAB04AB8919}.Release|x86.ActiveCfg = Release|Any CPU
		{24B711ED-2865-4B96-870E-9BAB04AB8919}.Release|x86.Build.0 = Release|Any CPU
		{24B711ED-2865-4B96-870E-9BAB04AB8919}.SingleImage|Any CPU.ActiveCfg = Release|Any CPU
		{24B711ED-2865-4B96-870E-9BAB04AB8919}.SingleImage|Any CPU.Build.0 = Release|Any CPU
		{24B711ED-2865-4B96-870E-9BAB04AB8919}.SingleImage|ARM.ActiveCfg = Release|Any CPU
		{24B711ED-2865-4B96-870E-9BAB04AB8919}.SingleImage|ARM.Build.0 = Release|Any CPU
		{24B711ED-2865-4B96-870E-9BAB04AB8919}.SingleImage|Mixed Platforms.ActiveCfg = Release|Any CPU
		{24B711ED-2865-4B96-870E-9BAB04AB8919}.SingleImage|Mixed Platforms.Build.0 = Release|Any CPU
		{24B711ED-2865-4B96-870E-9BAB04AB8919}.SingleImage|Win32.ActiveCfg = Release|Any CPU
		{24B711ED-2865-4B96-870E-9BAB04AB8919}.SingleImage|Win32.Build.0 = Release|Any CPU
		{24B711ED-2865-4B96-870E-9BAB04AB8919}.SingleImage|x64.ActiveCfg = Release|Any CPU
		{24B711ED-2865-4B96-870E-9BAB04AB8919}.SingleImage|x64.Build.0 = Release|Any CPU
		{24B711ED-2865-4B96-870E-9BAB04AB8919}.SingleImage|x86.ActiveCfg = Release|Any CPU
		{24B711ED-2865-4B96-870E-9BAB04AB8919}.SingleImage|x86.Build.0 = Release|Any CPU
		{750B57FF-E2EB-4C94-840E-BAC5E3ACFBB0}.CD_ROM|Any CPU.ActiveCfg = Release|Any CPU
		{750B57FF-E2EB-4C94-840E-BAC5E3ACFBB0}.CD_ROM|Any CPU.Build.0 = Release|Any CPU
		{750B57FF-E2EB-4C94-840E-BAC5E3ACFBB0}.CD_ROM|ARM.ActiveCfg = Release|Any CPU
		{750B57FF-E2EB-4C94-840E-BAC5E3ACFBB0}.CD_ROM|ARM.Build.0 = Release|Any CPU
		{750B57FF-E2EB-4C94-840E-BAC5E3ACFBB0}.CD_ROM|Mixed Platforms.ActiveCfg = Release|Any CPU
		{750B57FF-E2EB-4C94-840E-BAC5E3ACFBB0}.CD_ROM|Mixed Platforms.Build.0 = Release|Any CPU
		{750B57FF-E2EB-4C94-840E-BAC5E3ACFBB0}.CD_ROM|Win32.ActiveCfg = Release|Any CPU
		{750B57FF-E2EB-4C94-840E-BAC5E3ACFBB0}.CD_ROM|Win32.Build.0 = Release|Any CPU
		{750B57FF-E2EB-4C94-840E-BAC5E3ACFBB0}.CD_ROM|x64.ActiveCfg = Release|Any CPU
		{750B57FF-E2EB-4C94-840E-BAC5E3ACFBB0}.CD_ROM|x64.Build.0 = Release|Any CPU
		{750B57FF-E2EB-4C94-840E-BAC5E3ACFBB0}.CD_ROM|x86.ActiveCfg = Release|Any CPU
		{750B57FF-E2EB-4C94-840E-BAC5E3ACFBB0}.CD_ROM|x86.Build.0 = Release|Any CPU
		{750B57FF-E2EB-4C94-840E-BAC5E3ACFBB0}.Debug|Any CPU.ActiveCfg = Debug|Any CPU
		{750B57FF-E2EB-4C94-840E-BAC5E3ACFBB0}.Debug|Any CPU.Build.0 = Debug|Any CPU
		{750B57FF-E2EB-4C94-840E-BAC5E3ACFBB0}.Debug|ARM.ActiveCfg = Debug|Any CPU
		{750B57FF-E2EB-4C94-840E-BAC5E3ACFBB0}.Debug|ARM.Build.0 = Debug|Any CPU
		{750B57FF-E2EB-4C94-840E-BAC5E3ACFBB0}.Debug|Mixed Platforms.ActiveCfg = Debug|Any CPU
		{750B57FF-E2EB-4C94-840E-BAC5E3ACFBB0}.Debug|Mixed Platforms.Build.0 = Debug|Any CPU
		{750B57FF-E2EB-4C94-840E-BAC5E3ACFBB0}.Debug|Win32.ActiveCfg = Debug|Any CPU
		{750B57FF-E2EB-4C94-840E-BAC5E3ACFBB0}.Debug|Win32.Build.0 = Debug|Any CPU
		{750B57FF-E2EB-4C94-840E-BAC5E3ACFBB0}.Debug|x64.ActiveCfg = Debug|Any CPU
		{750B57FF-E2EB-4C94-840E-BAC5E3ACFBB0}.Debug|x64.Build.0 = Debug|Any CPU
		{750B57FF-E2EB-4C94-840E-BAC5E3ACFBB0}.Debug|x86.ActiveCfg = Debug|Any CPU
		{750B57FF-E2EB-4C94-840E-BAC5E3ACFBB0}.Debug|x86.Build.0 = Debug|Any CPU
		{750B57FF-E2EB-4C94-840E-BAC5E3ACFBB0}.DVD-5|Any CPU.ActiveCfg = Debug|Any CPU
		{750B57FF-E2EB-4C94-840E-BAC5E3ACFBB0}.DVD-5|Any CPU.Build.0 = Debug|Any CPU
		{750B57FF-E2EB-4C94-840E-BAC5E3ACFBB0}.DVD-5|ARM.ActiveCfg = Debug|Any CPU
		{750B57FF-E2EB-4C94-840E-BAC5E3ACFBB0}.DVD-5|ARM.Build.0 = Debug|Any CPU
		{750B57FF-E2EB-4C94-840E-BAC5E3ACFBB0}.DVD-5|Mixed Platforms.ActiveCfg = Debug|Any CPU
		{750B57FF-E2EB-4C94-840E-BAC5E3ACFBB0}.DVD-5|Mixed Platforms.Build.0 = Debug|Any CPU
		{750B57FF-E2EB-4C94-840E-BAC5E3ACFBB0}.DVD-5|Win32.ActiveCfg = Debug|Any CPU
		{750B57FF-E2EB-4C94-840E-BAC5E3ACFBB0}.DVD-5|Win32.Build.0 = Debug|Any CPU
		{750B57FF-E2EB-4C94-840E-BAC5E3ACFBB0}.DVD-5|x64.ActiveCfg = Debug|Any CPU
		{750B57FF-E2EB-4C94-840E-BAC5E3ACFBB0}.DVD-5|x64.Build.0 = Debug|Any CPU
		{750B57FF-E2EB-4C94-840E-BAC5E3ACFBB0}.DVD-5|x86.ActiveCfg = Debug|Any CPU
		{750B57FF-E2EB-4C94-840E-BAC5E3ACFBB0}.DVD-5|x86.Build.0 = Debug|Any CPU
		{750B57FF-E2EB-4C94-840E-BAC5E3ACFBB0}.Release|Any CPU.ActiveCfg = Release|Any CPU
		{750B57FF-E2EB-4C94-840E-BAC5E3ACFBB0}.Release|Any CPU.Build.0 = Release|Any CPU
		{750B57FF-E2EB-4C94-840E-BAC5E3ACFBB0}.Release|ARM.ActiveCfg = Release|Any CPU
		{750B57FF-E2EB-4C94-840E-BAC5E3ACFBB0}.Release|ARM.Build.0 = Release|Any CPU
		{750B57FF-E2EB-4C94-840E-BAC5E3ACFBB0}.Release|Mixed Platforms.ActiveCfg = Release|Any CPU
		{750B57FF-E2EB-4C94-840E-BAC5E3ACFBB0}.Release|Mixed Platforms.Build.0 = Release|Any CPU
		{750B57FF-E2EB-4C94-840E-BAC5E3ACFBB0}.Release|Win32.ActiveCfg = Release|Any CPU
		{750B57FF-E2EB-4C94-840E-BAC5E3ACFBB0}.Release|Win32.Build.0 = Release|Any CPU
		{750B57FF-E2EB-4C94-840E-BAC5E3ACFBB0}.Release|x64.ActiveCfg = Release|Any CPU
		{750B57FF-E2EB-4C94-840E-BAC5E3ACFBB0}.Release|x64.Build.0 = Release|Any CPU
		{750B57FF-E2EB-4C94-840E-BAC5E3ACFBB0}.Release|x86.ActiveCfg = Release|Any CPU
		{750B57FF-E2EB-4C94-840E-BAC5E3ACFBB0}.Release|x86.Build.0 = Release|Any CPU
		{750B57FF-E2EB-4C94-840E-BAC5E3ACFBB0}.SingleImage|Any CPU.ActiveCfg = Release|Any CPU
		{750B57FF-E2EB-4C94-840E-BAC5E3ACFBB0}.SingleImage|Any CPU.Build.0 = Release|Any CPU
		{750B57FF-E2EB-4C94-840E-BAC5E3ACFBB0}.SingleImage|ARM.ActiveCfg = Release|Any CPU
		{750B57FF-E2EB-4C94-840E-BAC5E3ACFBB0}.SingleImage|ARM.Build.0 = Release|Any CPU
		{750B57FF-E2EB-4C94-840E-BAC5E3ACFBB0}.SingleImage|Mixed Platforms.ActiveCfg = Release|Any CPU
		{750B57FF-E2EB-4C94-840E-BAC5E3ACFBB0}.SingleImage|Mixed Platforms.Build.0 = Release|Any CPU
		{750B57FF-E2EB-4C94-840E-BAC5E3ACFBB0}.SingleImage|Win32.ActiveCfg = Release|Any CPU
		{750B57FF-E2EB-4C94-840E-BAC5E3ACFBB0}.SingleImage|Win32.Build.0 = Release|Any CPU
		{750B57FF-E2EB-4C94-840E-BAC5E3ACFBB0}.SingleImage|x64.ActiveCfg = Release|Any CPU
		{750B57FF-E2EB-4C94-840E-BAC5E3ACFBB0}.SingleImage|x64.Build.0 = Release|Any CPU
		{750B57FF-E2EB-4C94-840E-BAC5E3ACFBB0}.SingleImage|x86.ActiveCfg = Release|Any CPU
		{750B57FF-E2EB-4C94-840E-BAC5E3ACFBB0}.SingleImage|x86.Build.0 = Release|Any CPU
		{9B29194A-F491-4856-98A5-1B3548A643B7}.CD_ROM|Any CPU.ActiveCfg = CD_ROM
		{9B29194A-F491-4856-98A5-1B3548A643B7}.CD_ROM|Any CPU.Build.0 = CD_ROM
		{9B29194A-F491-4856-98A5-1B3548A643B7}.CD_ROM|ARM.ActiveCfg = CD_ROM
		{9B29194A-F491-4856-98A5-1B3548A643B7}.CD_ROM|ARM.Build.0 = CD_ROM
		{9B29194A-F491-4856-98A5-1B3548A643B7}.CD_ROM|Mixed Platforms.ActiveCfg = CD_ROM
		{9B29194A-F491-4856-98A5-1B3548A643B7}.CD_ROM|Mixed Platforms.Build.0 = CD_ROM
		{9B29194A-F491-4856-98A5-1B3548A643B7}.CD_ROM|Win32.ActiveCfg = CD_ROM
		{9B29194A-F491-4856-98A5-1B3548A643B7}.CD_ROM|Win32.Build.0 = CD_ROM
		{9B29194A-F491-4856-98A5-1B3548A643B7}.CD_ROM|x64.ActiveCfg = CD_ROM
		{9B29194A-F491-4856-98A5-1B3548A643B7}.CD_ROM|x64.Build.0 = CD_ROM
		{9B29194A-F491-4856-98A5-1B3548A643B7}.CD_ROM|x86.ActiveCfg = CD_ROM
		{9B29194A-F491-4856-98A5-1B3548A643B7}.CD_ROM|x86.Build.0 = CD_ROM
		{9B29194A-F491-4856-98A5-1B3548A643B7}.Debug|Any CPU.ActiveCfg = DVD-5
		{9B29194A-F491-4856-98A5-1B3548A643B7}.Debug|Any CPU.Build.0 = DVD-5
		{9B29194A-F491-4856-98A5-1B3548A643B7}.Debug|ARM.ActiveCfg = DVD-5
		{9B29194A-F491-4856-98A5-1B3548A643B7}.Debug|ARM.Build.0 = DVD-5
		{9B29194A-F491-4856-98A5-1B3548A643B7}.Debug|Mixed Platforms.ActiveCfg = SingleImage
		{9B29194A-F491-4856-98A5-1B3548A643B7}.Debug|Mixed Platforms.Build.0 = SingleImage
		{9B29194A-F491-4856-98A5-1B3548A643B7}.Debug|Win32.ActiveCfg = DVD-5
		{9B29194A-F491-4856-98A5-1B3548A643B7}.Debug|Win32.Build.0 = DVD-5
		{9B29194A-F491-4856-98A5-1B3548A643B7}.Debug|x64.ActiveCfg = DVD-5
		{9B29194A-F491-4856-98A5-1B3548A643B7}.Debug|x64.Build.0 = DVD-5
		{9B29194A-F491-4856-98A5-1B3548A643B7}.Debug|x86.ActiveCfg = DVD-5
		{9B29194A-F491-4856-98A5-1B3548A643B7}.Debug|x86.Build.0 = DVD-5
		{9B29194A-F491-4856-98A5-1B3548A643B7}.DVD-5|Any CPU.ActiveCfg = DVD-5
		{9B29194A-F491-4856-98A5-1B3548A643B7}.DVD-5|Any CPU.Build.0 = DVD-5
		{9B29194A-F491-4856-98A5-1B3548A643B7}.DVD-5|ARM.ActiveCfg = DVD-5
		{9B29194A-F491-4856-98A5-1B3548A643B7}.DVD-5|ARM.Build.0 = DVD-5
		{9B29194A-F491-4856-98A5-1B3548A643B7}.DVD-5|Mixed Platforms.ActiveCfg = DVD-5
		{9B29194A-F491-4856-98A5-1B3548A643B7}.DVD-5|Mixed Platforms.Build.0 = DVD-5
		{9B29194A-F491-4856-98A5-1B3548A643B7}.DVD-5|Win32.ActiveCfg = DVD-5
		{9B29194A-F491-4856-98A5-1B3548A643B7}.DVD-5|Win32.Build.0 = DVD-5
		{9B29194A-F491-4856-98A5-1B3548A643B7}.DVD-5|x64.ActiveCfg = DVD-5
		{9B29194A-F491-4856-98A5-1B3548A643B7}.DVD-5|x64.Build.0 = DVD-5
		{9B29194A-F491-4856-98A5-1B3548A643B7}.DVD-5|x86.ActiveCfg = DVD-5
		{9B29194A-F491-4856-98A5-1B3548A643B7}.DVD-5|x86.Build.0 = DVD-5
		{9B29194A-F491-4856-98A5-1B3548A643B7}.Release|Any CPU.ActiveCfg = SingleImage
		{9B29194A-F491-4856-98A5-1B3548A643B7}.Release|Any CPU.Build.0 = SingleImage
		{9B29194A-F491-4856-98A5-1B3548A643B7}.Release|ARM.ActiveCfg = SingleImage
		{9B29194A-F491-4856-98A5-1B3548A643B7}.Release|ARM.Build.0 = SingleImage
		{9B29194A-F491-4856-98A5-1B3548A643B7}.Release|Mixed Platforms.ActiveCfg = SingleImage
		{9B29194A-F491-4856-98A5-1B3548A643B7}.Release|Mixed Platforms.Build.0 = SingleImage
		{9B29194A-F491-4856-98A5-1B3548A643B7}.Release|Win32.ActiveCfg = SingleImage
		{9B29194A-F491-4856-98A5-1B3548A643B7}.Release|Win32.Build.0 = SingleImage
		{9B29194A-F491-4856-98A5-1B3548A643B7}.Release|x64.ActiveCfg = SingleImage
		{9B29194A-F491-4856-98A5-1B3548A643B7}.Release|x64.Build.0 = SingleImage
		{9B29194A-F491-4856-98A5-1B3548A643B7}.Release|x86.ActiveCfg = SingleImage
		{9B29194A-F491-4856-98A5-1B3548A643B7}.Release|x86.Build.0 = SingleImage
		{9B29194A-F491-4856-98A5-1B3548A643B7}.SingleImage|Any CPU.ActiveCfg = SingleImage
		{9B29194A-F491-4856-98A5-1B3548A643B7}.SingleImage|Any CPU.Build.0 = SingleImage
		{9B29194A-F491-4856-98A5-1B3548A643B7}.SingleImage|ARM.ActiveCfg = SingleImage
		{9B29194A-F491-4856-98A5-1B3548A643B7}.SingleImage|ARM.Build.0 = SingleImage
		{9B29194A-F491-4856-98A5-1B3548A643B7}.SingleImage|Mixed Platforms.ActiveCfg = SingleImage
		{9B29194A-F491-4856-98A5-1B3548A643B7}.SingleImage|Mixed Platforms.Build.0 = SingleImage
		{9B29194A-F491-4856-98A5-1B3548A643B7}.SingleImage|Win32.ActiveCfg = SingleImage
		{9B29194A-F491-4856-98A5-1B3548A643B7}.SingleImage|Win32.Build.0 = SingleImage
		{9B29194A-F491-4856-98A5-1B3548A643B7}.SingleImage|x64.ActiveCfg = SingleImage
		{9B29194A-F491-4856-98A5-1B3548A643B7}.SingleImage|x64.Build.0 = SingleImage
		{9B29194A-F491-4856-98A5-1B3548A643B7}.SingleImage|x86.ActiveCfg = SingleImage
		{9B29194A-F491-4856-98A5-1B3548A643B7}.SingleImage|x86.Build.0 = SingleImage
	EndGlobalSection
	GlobalSection(SolutionProperties) = preSolution
		HideSolutionNode = FALSE
	EndGlobalSection
EndGlobal
